
Microsoft Visual Studio Solution File, Format Version 12.00
# Visual Studio Version 17
VisualStudioVersion = 17.11.35303.130
MinimumVisualStudioVersion = 10.0.40219.1
Project("{FAE04EC0-301F-11D3-BF4B-00C04F79EFBC}") = "ToTraveler", "ToTraveler.csproj", "{FE142408-90AF-43BC-AB5E-34A5EAC9F436}"
EndProject
Global
	GlobalSection(SolutionConfigurationPlatforms) = preSolution
		Debug|Any CPU = Debug|Any CPU
		Release|Any CPU = Release|Any CPU
	EndGlobalSection
	GlobalSection(ProjectConfigurationPlatforms) = postSolution
		{FE142408-90AF-43BC-AB5E-34A5EAC9F436}.Debug|Any CPU.ActiveCfg = Debug|Any CPU
		{FE142408-90AF-43BC-AB5E-34A5EAC9F436}.Debug|Any CPU.Build.0 = Debug|Any CPU
		{FE142408-90AF-43BC-AB5E-34A5EAC9F436}.Release|Any CPU.ActiveCfg = Release|Any CPU
		{FE142408-90AF-43BC-AB5E-34A5EAC9F436}.Release|Any CPU.Build.0 = Release|Any CPU
	EndGlobalSection
	GlobalSection(SolutionProperties) = preSolution
		HideSolutionNode = FALSE
	EndGlobalSection
	GlobalSection(ExtensibilityGlobals) = postSolution
		SolutionGuid = {15FCD7D8-1EB4-49D8-851F-66DCE31638D4}
	EndGlobalSection
EndGlobal
